
Microsoft Visual Studio Solution File, Format Version 12.00
# Visual Studio 2012
Project("{FAE04EC0-301F-11D3-BF4B-00C04F79EFBC}") = "BDProject", "BDProject\BDProject.csproj", "{E13A36FD-C98B-4344-91E3-19838EA9128E}"
EndProject
Project("{2150E333-8FDC-42A3-9474-1A3956D46DE8}") = "Solution Items", "Solution Items", "{A7304664-E416-4CCE-8B57-D982D4B10EB4}"
EndProject
Project("{FAE04EC0-301F-11D3-BF4B-00C04F79EFBC}") = "BDProject_Tests", "BDProject_Tests\BDProject_Tests.csproj", "{927218A4-46DF-4790-85D8-7F2832F5A635}"
EndProject
Global
	GlobalSection(SolutionConfigurationPlatforms) = preSolution
		Debug|Any CPU = Debug|Any CPU
		Release|Any CPU = Release|Any CPU
	EndGlobalSection
	GlobalSection(ProjectConfigurationPlatforms) = postSolution
		{E13A36FD-C98B-4344-91E3-19838EA9128E}.Debug|Any CPU.ActiveCfg = Debug|Any CPU
		{E13A36FD-C98B-4344-91E3-19838EA9128E}.Debug|Any CPU.Build.0 = Debug|Any CPU
		{E13A36FD-C98B-4344-91E3-19838EA9128E}.Release|Any CPU.ActiveCfg = Release|Any CPU
		{E13A36FD-C98B-4344-91E3-19838EA9128E}.Release|Any CPU.Build.0 = Release|Any CPU
		{927218A4-46DF-4790-85D8-7F2832F5A635}.Debug|Any CPU.ActiveCfg = Debug|Any CPU
		{927218A4-46DF-4790-85D8-7F2832F5A635}.Debug|Any CPU.Build.0 = Debug|Any CPU
		{927218A4-46DF-4790-85D8-7F2832F5A635}.Release|Any CPU.ActiveCfg = Release|Any CPU
		{927218A4-46DF-4790-85D8-7F2832F5A635}.Release|Any CPU.Build.0 = Release|Any CPU
	EndGlobalSection
	GlobalSection(SolutionProperties) = preSolution
		HideSolutionNode = FALSE
	EndGlobalSection
EndGlobal
